
Microsoft Visual Studio Solution File, Format Version 12.00
# Visual Studio 15
VisualStudioVersion = 15.0.26124.0
MinimumVisualStudioVersion = 15.0.26124.0
Project("{FAE04EC0-301F-11D3-BF4B-00C04F79EFBC}") = "R5T.Southampton.Larissa.Standard.Construction", "R5T.Southampton.Larissa.Standard.Construction\R5T.Southampton.Larissa.Standard.Construction.csproj", "{48D96CDA-0084-4121-9D9F-7C2D14275A7A}"
EndProject
Project("{FAE04EC0-301F-11D3-BF4B-00C04F79EFBC}") = "R5T.Southampton.Larissa.Standard", "R5T.Southampton.Larissa.Standard\R5T.Southampton.Larissa.Standard.csproj", "{AE72EB66-C8CA-42F0-A7E6-6E961AB950B9}"
EndProject
Project("{FAE04EC0-301F-11D3-BF4B-00C04F79EFBC}") = "R5T.Southampton.Larissa.Standard.Testing", "R5T.Southampton.Larissa.Standard.Testing\R5T.Southampton.Larissa.Standard.Testing.csproj", "{F3869E9E-B965-43E0-B92B-E6BD93873AE5}"
EndProject
Global
	GlobalSection(SolutionConfigurationPlatforms) = preSolution
		Debug|Any CPU = Debug|Any CPU
		Debug|x64 = Debug|x64
		Debug|x86 = Debug|x86
		Release|Any CPU = Release|Any CPU
		Release|x64 = Release|x64
		Release|x86 = Release|x86
	EndGlobalSection
	GlobalSection(SolutionProperties) = preSolution
		HideSolutionNode = FALSE
	EndGlobalSection
	GlobalSection(ProjectConfigurationPlatforms) = postSolution
		{48D96CDA-0084-4121-9D9F-7C2D14275A7A}.Debug|Any CPU.ActiveCfg = Debug|Any CPU
		{48D96CDA-0084-4121-9D9F-7C2D14275A7A}.Debug|Any CPU.Build.0 = Debug|Any CPU
		{48D96CDA-0084-4121-9D9F-7C2D14275A7A}.Debug|x64.ActiveCfg = Debug|Any CPU
		{48D96CDA-0084-4121-9D9F-7C2D14275A7A}.Debug|x64.Build.0 = Debug|Any CPU
		{48D96CDA-0084-4121-9D9F-7C2D14275A7A}.Debug|x86.ActiveCfg = Debug|Any CPU
		{48D96CDA-0084-4121-9D9F-7C2D14275A7A}.Debug|x86.Build.0 = Debug|Any CPU
		{48D96CDA-0084-4121-9D9F-7C2D14275A7A}.Release|Any CPU.ActiveCfg = Release|Any CPU
		{48D96CDA-0084-4121-9D9F-7C2D14275A7A}.Release|Any CPU.Build.0 = Release|Any CPU
		{48D96CDA-0084-4121-9D9F-7C2D14275A7A}.Release|x64.ActiveCfg = Release|Any CPU
		{48D96CDA-0084-4121-9D9F-7C2D14275A7A}.Release|x64.Build.0 = Release|Any CPU
		{48D96CDA-0084-4121-9D9F-7C2D14275A7A}.Release|x86.ActiveCfg = Release|Any CPU
		{48D96CDA-0084-4121-9D9F-7C2D14275A7A}.Release|x86.Build.0 = Release|Any CPU
		{AE72EB66-C8CA-42F0-A7E6-6E961AB950B9}.Debug|Any CPU.ActiveCfg = Debug|Any CPU
		{AE72EB66-C8CA-42F0-A7E6-6E961AB950B9}.Debug|Any CPU.Build.0 = Debug|Any CPU
		{AE72EB66-C8CA-42F0-A7E6-6E961AB950B9}.Debug|x64.ActiveCfg = Debug|Any CPU
		{AE72EB66-C8CA-42F0-A7E6-6E961AB950B9}.Debug|x64.Build.0 = Debug|Any CPU
		{AE72EB66-C8CA-42F0-A7E6-6E961AB950B9}.Debug|x86.ActiveCfg = Debug|Any CPU
		{AE72EB66-C8CA-42F0-A7E6-6E961AB950B9}.Debug|x86.Build.0 = Debug|Any CPU
		{AE72EB66-C8CA-42F0-A7E6-6E961AB950B9}.Release|Any CPU.ActiveCfg = Release|Any CPU
		{AE72EB66-C8CA-42F0-A7E6-6E961AB950B9}.Release|Any CPU.Build.0 = Release|Any CPU
		{AE72EB66-C8CA-42F0-A7E6-6E961AB950B9}.Release|x64.ActiveCfg = Release|Any CPU
		{AE72EB66-C8CA-42F0-A7E6-6E961AB950B9}.Release|x64.Build.0 = Release|Any CPU
		{AE72EB66-C8CA-42F0-A7E6-6E961AB950B9}.Release|x86.ActiveCfg = Release|Any CPU
		{AE72EB66-C8CA-42F0-A7E6-6E961AB950B9}.Release|x86.Build.0 = Release|Any CPU
		{F3869E9E-B965-43E0-B92B-E6BD93873AE5}.Debug|Any CPU.ActiveCfg = Debug|Any CPU
		{F3869E9E-B965-43E0-B92B-E6BD93873AE5}.Debug|Any CPU.Build.0 = Debug|Any CPU
		{F3869E9E-B965-43E0-B92B-E6BD93873AE5}.Debug|x64.ActiveCfg = Debug|Any CPU
		{F3869E9E-B965-43E0-B92B-E6BD93873AE5}.Debug|x64.Build.0 = Debug|Any CPU
		{F3869E9E-B965-43E0-B92B-E6BD93873AE5}.Debug|x86.ActiveCfg = Debug|Any CPU
		{F3869E9E-B965-43E0-B92B-E6BD93873AE5}.Debug|x86.Build.0 = Debug|Any CPU
		{F3869E9E-B965-43E0-B92B-E6BD93873AE5}.Release|Any CPU.ActiveCfg = Release|Any CPU
		{F3869E9E-B965-43E0-B92B-E6BD93873AE5}.Release|Any CPU.Build.0 = Release|Any CPU
		{F3869E9E-B965-43E0-B92B-E6BD93873AE5}.Release|x64.ActiveCfg = Release|Any CPU
		{F3869E9E-B965-43E0-B92B-E6BD93873AE5}.Release|x64.Build.0 = Release|Any CPU
		{F3869E9E-B965-43E0-B92B-E6BD93873AE5}.Release|x86.ActiveCfg = Release|Any CPU
		{F3869E9E-B965-43E0-B92B-E6BD93873AE5}.Release|x86.Build.0 = Release|Any CPU
	EndGlobalSection
EndGlobal
