
Microsoft Visual Studio Solution File, Format Version 12.00
# Visual Studio 15
VisualStudioVersion = 15.0.26124.0
MinimumVisualStudioVersion = 15.0.26124.0
Project("{9A19103F-16F7-4668-BE54-9A1E7A4F7556}") = "R5T.Southampton.Larissa.Standard.Construction", "R5T.Southampton.Larissa.Standard.Construction\R5T.Southampton.Larissa.Standard.Construction.csproj", "{48D96CDA-0084-4121-9D9F-7C2D14275A7A}"
EndProject
Project("{9A19103F-16F7-4668-BE54-9A1E7A4F7556}") = "R5T.Southampton.Larissa.Standard", "R5T.Southampton.Larissa.Standard\R5T.Southampton.Larissa.Standard.csproj", "{AE72EB66-C8CA-42F0-A7E6-6E961AB950B9}"
EndProject
Project("{9A19103F-16F7-4668-BE54-9A1E7A4F7556}") = "R5T.Southampton.Larissa.Standard.Testing", "R5T.Southampton.Larissa.Standard.Testing\R5T.Southampton.Larissa.Standard.Testing.csproj", "{F3869E9E-B965-43E0-B92B-E6BD93873AE5}"
EndProject
Project("{9A19103F-16F7-4668-BE54-9A1E7A4F7556}") = "R5T.Larissa.Standard", "..\..\R5T.Larissa.Standard\source\R5T.Larissa.Standard\R5T.Larissa.Standard.csproj", "{F2B5CDD1-2C15-4041-8A6C-CC95F343A648}"
EndProject
Project("{2150E333-8FDC-42A3-9474-1A3956D46DE8}") = "_Dependencies", "_Dependencies", "{8C710E72-7BA2-4843-B9A7-E2F4CFD18A40}"
EndProject
Project("{9A19103F-16F7-4668-BE54-9A1E7A4F7556}") = "R5T.Southampton.Larissa", "..\..\R5T.Southampton.Larissa\source\R5T.Southampton.Larissa\R5T.Southampton.Larissa.csproj", "{1914F8F6-17B1-4C49-8AAB-5B178A25C753}"
EndProject
Project("{9A19103F-16F7-4668-BE54-9A1E7A4F7556}") = "R5T.Caledonia.Default", "..\..\R5T.Caledonia.Default\source\R5T.Caledonia.Default\R5T.Caledonia.Default.csproj", "{76EC3CA3-7A42-4A1F-8075-5B6574B0D1C2}"
EndProject
Project("{9A19103F-16F7-4668-BE54-9A1E7A4F7556}") = "R5T.Caledonia.Base", "..\..\R5T.Caledonia.Base\source\R5T.Caledonia.Base\R5T.Caledonia.Base.csproj", "{5090B60A-57A2-4C6B-AC3C-1590CD07D64C}"
EndProject
Project("{9A19103F-16F7-4668-BE54-9A1E7A4F7556}") = "R5T.Caledonia.Types", "..\..\R5T.Caledonia.Types\source\R5T.Caledonia.Types\R5T.Caledonia.Types.csproj", "{761A92AF-EDB1-443A-9A3C-14F9DF827BAE}"
EndProject
Project("{9A19103F-16F7-4668-BE54-9A1E7A4F7556}") = "R5T.Magyar", "..\..\R5T.Magyar\source\R5T.Magyar\R5T.Magyar.csproj", "{72A25365-231B-49FE-9E79-93F0EA48C501}"
EndProject
Project("{9A19103F-16F7-4668-BE54-9A1E7A4F7556}") = "R5T.Larissa.Configuration.Sardinia", "..\..\R5T.Larissa.Configuration.Sardinia\source\R5T.Larissa.Configuration.Sardinia\R5T.Larissa.Configuration.Sardinia.csproj", "{B383BCB1-DB81-4C50-B68C-2A670471A3DA}"
EndProject
Project("{9A19103F-16F7-4668-BE54-9A1E7A4F7556}") = "R5T.Larissa.Configuration", "..\..\R5T.Larissa.Configuration\source\R5T.Larissa.Configuration\R5T.Larissa.Configuration.csproj", "{953F25BE-C735-44C7-BBDC-FA423168F30A}"
EndProject
Project("{9A19103F-16F7-4668-BE54-9A1E7A4F7556}") = "R5T.Sardinia", "..\..\R5T.Sardinia\source\R5T.Sardinia\R5T.Sardinia.csproj", "{97E00402-634F-4400-A49E-F8DF60B1E608}"
EndProject
Project("{9A19103F-16F7-4668-BE54-9A1E7A4F7556}") = "R5T.Chamavia", "..\..\R5T.Chamavia\source\R5T.Chamavia\R5T.Chamavia.csproj", "{F6B797F9-3C78-462C-A9BC-68384F8B9630}"
EndProject
Project("{9A19103F-16F7-4668-BE54-9A1E7A4F7556}") = "R5T.Dacia", "..\..\R5T.Dacia\source\R5T.Dacia\R5T.Dacia.csproj", "{BD0FFDB5-4D73-4EC7-BB8E-84C72B1BB319}"
EndProject
Project("{9A19103F-16F7-4668-BE54-9A1E7A4F7556}") = "R5T.Opatia", "..\..\R5T.Opatia\source\R5T.Opatia\R5T.Opatia.csproj", "{9F5AA617-D233-420B-91C3-3A21A2BC3CA6}"
EndProject
Project("{9A19103F-16F7-4668-BE54-9A1E7A4F7556}") = "R5T.Larissa.Configuration.Suebia", "..\..\R5T.Larissa.Configuration.Suebia\source\R5T.Larissa.Configuration.Suebia\R5T.Larissa.Configuration.Suebia.csproj", "{AA300048-55E1-4DC0-BC6A-1B30A61F7B03}"
EndProject
Project("{9A19103F-16F7-4668-BE54-9A1E7A4F7556}") = "R5T.Suebia.Extensions", "..\..\R5T.Suebia.Extensions\source\R5T.Suebia.Extensions\R5T.Suebia.Extensions.csproj", "{1C66D337-8D1B-4C4C-8FA1-92B08F698726}"
EndProject
Project("{9A19103F-16F7-4668-BE54-9A1E7A4F7556}") = "R5T.Suebia.Base", "..\..\R5T.Suebia.Base\source\R5T.Suebia.Base\R5T.Suebia.Base.csproj", "{EEAC96DB-2B07-4938-B534-15A953D47896}"
EndProject
Project("{9A19103F-16F7-4668-BE54-9A1E7A4F7556}") = "R5T.Larissa.Default", "..\..\R5T.Larissa.Default\source\R5T.Larissa.Default\R5T.Larissa.Default.csproj", "{165C8AC7-21B5-43F3-BA3D-066A0A834B5D}"
EndProject
Project("{9A19103F-16F7-4668-BE54-9A1E7A4F7556}") = "R5T.Larissa.Base", "..\..\R5T.Larissa.Base\source\R5T.Larissa.Base\R5T.Larissa.Base.csproj", "{852158AB-0566-488C-9ABB-D4101CA92B59}"
EndProject
Project("{9A19103F-16F7-4668-BE54-9A1E7A4F7556}") = "R5T.Larissa.Commands", "..\..\R5T.Larissa.Commands\source\R5T.Larissa.Commands\R5T.Larissa.Commands.csproj", "{88FDE8EC-4E69-49F4-BC16-0A4A0D252823}"
EndProject
Project("{9A19103F-16F7-4668-BE54-9A1E7A4F7556}") = "R5T.Heraklion", "..\..\R5T.Heraklion\source\R5T.Heraklion\R5T.Heraklion.csproj", "{BADFF4F4-46B8-41BE-A7AB-AE381FDDBA67}"
EndProject
Project("{9A19103F-16F7-4668-BE54-9A1E7A4F7556}") = "R5T.Piraeus", "..\..\R5T.Piraeus\source\R5T.Piraeus\R5T.Piraeus.csproj", "{F3A8D458-396C-49DA-9F06-16CF0304F0D2}"
EndProject
Project("{9A19103F-16F7-4668-BE54-9A1E7A4F7556}") = "R5T.Volos", "..\..\R5T.Volos\source\R5T.Volos\R5T.Volos.csproj", "{9885F1EA-7CFD-4B71-828B-6695D60C231E}"
EndProject
Project("{9A19103F-16F7-4668-BE54-9A1E7A4F7556}") = "R5T.Heraklion.Default", "..\..\R5T.Heraklion.Default\source\R5T.Heraklion.Default\R5T.Heraklion.Default.csproj", "{E32C13B6-6BE0-40A0-94A2-D35DAE368B5A}"
EndProject
Project("{9A19103F-16F7-4668-BE54-9A1E7A4F7556}") = "R5T.Piraeus.StringBuilder", "..\..\R5T.Piraeus.StringBuilder\source\R5T.Piraeus.StringBuilder\R5T.Piraeus.StringBuilder.csproj", "{D9809CAE-0BBC-4917-9875-7366D9732E3B}"
EndProject
Project("{9A19103F-16F7-4668-BE54-9A1E7A4F7556}") = "R5T.Southampton.Base", "..\..\R5T.Southampton.Base\source\R5T.Southampton.Base\R5T.Southampton.Base.csproj", "{BC51CC05-FDC0-4F02-BCEE-F307F0FC38CB}"
EndProject
Global
	GlobalSection(SolutionConfigurationPlatforms) = preSolution
		Debug|Any CPU = Debug|Any CPU
		Debug|x64 = Debug|x64
		Debug|x86 = Debug|x86
		Release|Any CPU = Release|Any CPU
		Release|x64 = Release|x64
		Release|x86 = Release|x86
	EndGlobalSection
	GlobalSection(ProjectConfigurationPlatforms) = postSolution
		{48D96CDA-0084-4121-9D9F-7C2D14275A7A}.Debug|Any CPU.ActiveCfg = Debug|Any CPU
		{48D96CDA-0084-4121-9D9F-7C2D14275A7A}.Debug|Any CPU.Build.0 = Debug|Any CPU
		{48D96CDA-0084-4121-9D9F-7C2D14275A7A}.Debug|x64.ActiveCfg = Debug|Any CPU
		{48D96CDA-0084-4121-9D9F-7C2D14275A7A}.Debug|x64.Build.0 = Debug|Any CPU
		{48D96CDA-0084-4121-9D9F-7C2D14275A7A}.Debug|x86.ActiveCfg = Debug|Any CPU
		{48D96CDA-0084-4121-9D9F-7C2D14275A7A}.Debug|x86.Build.0 = Debug|Any CPU
		{48D96CDA-0084-4121-9D9F-7C2D14275A7A}.Release|Any CPU.ActiveCfg = Release|Any CPU
		{48D96CDA-0084-4121-9D9F-7C2D14275A7A}.Release|Any CPU.Build.0 = Release|Any CPU
		{48D96CDA-0084-4121-9D9F-7C2D14275A7A}.Release|x64.ActiveCfg = Release|Any CPU
		{48D96CDA-0084-4121-9D9F-7C2D14275A7A}.Release|x64.Build.0 = Release|Any CPU
		{48D96CDA-0084-4121-9D9F-7C2D14275A7A}.Release|x86.ActiveCfg = Release|Any CPU
		{48D96CDA-0084-4121-9D9F-7C2D14275A7A}.Release|x86.Build.0 = Release|Any CPU
		{AE72EB66-C8CA-42F0-A7E6-6E961AB950B9}.Debug|Any CPU.ActiveCfg = Debug|Any CPU
		{AE72EB66-C8CA-42F0-A7E6-6E961AB950B9}.Debug|Any CPU.Build.0 = Debug|Any CPU
		{AE72EB66-C8CA-42F0-A7E6-6E961AB950B9}.Debug|x64.ActiveCfg = Debug|Any CPU
		{AE72EB66-C8CA-42F0-A7E6-6E961AB950B9}.Debug|x64.Build.0 = Debug|Any CPU
		{AE72EB66-C8CA-42F0-A7E6-6E961AB950B9}.Debug|x86.ActiveCfg = Debug|Any CPU
		{AE72EB66-C8CA-42F0-A7E6-6E961AB950B9}.Debug|x86.Build.0 = Debug|Any CPU
		{AE72EB66-C8CA-42F0-A7E6-6E961AB950B9}.Release|Any CPU.ActiveCfg = Release|Any CPU
		{AE72EB66-C8CA-42F0-A7E6-6E961AB950B9}.Release|Any CPU.Build.0 = Release|Any CPU
		{AE72EB66-C8CA-42F0-A7E6-6E961AB950B9}.Release|x64.ActiveCfg = Release|Any CPU
		{AE72EB66-C8CA-42F0-A7E6-6E961AB950B9}.Release|x64.Build.0 = Release|Any CPU
		{AE72EB66-C8CA-42F0-A7E6-6E961AB950B9}.Release|x86.ActiveCfg = Release|Any CPU
		{AE72EB66-C8CA-42F0-A7E6-6E961AB950B9}.Release|x86.Build.0 = Release|Any CPU
		{F3869E9E-B965-43E0-B92B-E6BD93873AE5}.Debug|Any CPU.ActiveCfg = Debug|Any CPU
		{F3869E9E-B965-43E0-B92B-E6BD93873AE5}.Debug|Any CPU.Build.0 = Debug|Any CPU
		{F3869E9E-B965-43E0-B92B-E6BD93873AE5}.Debug|x64.ActiveCfg = Debug|Any CPU
		{F3869E9E-B965-43E0-B92B-E6BD93873AE5}.Debug|x64.Build.0 = Debug|Any CPU
		{F3869E9E-B965-43E0-B92B-E6BD93873AE5}.Debug|x86.ActiveCfg = Debug|Any CPU
		{F3869E9E-B965-43E0-B92B-E6BD93873AE5}.Debug|x86.Build.0 = Debug|Any CPU
		{F3869E9E-B965-43E0-B92B-E6BD93873AE5}.Release|Any CPU.ActiveCfg = Release|Any CPU
		{F3869E9E-B965-43E0-B92B-E6BD93873AE5}.Release|Any CPU.Build.0 = Release|Any CPU
		{F3869E9E-B965-43E0-B92B-E6BD93873AE5}.Release|x64.ActiveCfg = Release|Any CPU
		{F3869E9E-B965-43E0-B92B-E6BD93873AE5}.Release|x64.Build.0 = Release|Any CPU
		{F3869E9E-B965-43E0-B92B-E6BD93873AE5}.Release|x86.ActiveCfg = Release|Any CPU
		{F3869E9E-B965-43E0-B92B-E6BD93873AE5}.Release|x86.Build.0 = Release|Any CPU
		{F2B5CDD1-2C15-4041-8A6C-CC95F343A648}.Debug|Any CPU.ActiveCfg = Debug|Any CPU
		{F2B5CDD1-2C15-4041-8A6C-CC95F343A648}.Debug|Any CPU.Build.0 = Debug|Any CPU
		{F2B5CDD1-2C15-4041-8A6C-CC95F343A648}.Debug|x64.ActiveCfg = Debug|Any CPU
		{F2B5CDD1-2C15-4041-8A6C-CC95F343A648}.Debug|x64.Build.0 = Debug|Any CPU
		{F2B5CDD1-2C15-4041-8A6C-CC95F343A648}.Debug|x86.ActiveCfg = Debug|Any CPU
		{F2B5CDD1-2C15-4041-8A6C-CC95F343A648}.Debug|x86.Build.0 = Debug|Any CPU
		{F2B5CDD1-2C15-4041-8A6C-CC95F343A648}.Release|Any CPU.ActiveCfg = Release|Any CPU
		{F2B5CDD1-2C15-4041-8A6C-CC95F343A648}.Release|Any CPU.Build.0 = Release|Any CPU
		{F2B5CDD1-2C15-4041-8A6C-CC95F343A648}.Release|x64.ActiveCfg = Release|Any CPU
		{F2B5CDD1-2C15-4041-8A6C-CC95F343A648}.Release|x64.Build.0 = Release|Any CPU
		{F2B5CDD1-2C15-4041-8A6C-CC95F343A648}.Release|x86.ActiveCfg = Release|Any CPU
		{F2B5CDD1-2C15-4041-8A6C-CC95F343A648}.Release|x86.Build.0 = Release|Any CPU
		{1914F8F6-17B1-4C49-8AAB-5B178A25C753}.Debug|Any CPU.ActiveCfg = Debug|Any CPU
		{1914F8F6-17B1-4C49-8AAB-5B178A25C753}.Debug|Any CPU.Build.0 = Debug|Any CPU
		{1914F8F6-17B1-4C49-8AAB-5B178A25C753}.Debug|x64.ActiveCfg = Debug|Any CPU
		{1914F8F6-17B1-4C49-8AAB-5B178A25C753}.Debug|x64.Build.0 = Debug|Any CPU
		{1914F8F6-17B1-4C49-8AAB-5B178A25C753}.Debug|x86.ActiveCfg = Debug|Any CPU
		{1914F8F6-17B1-4C49-8AAB-5B178A25C753}.Debug|x86.Build.0 = Debug|Any CPU
		{1914F8F6-17B1-4C49-8AAB-5B178A25C753}.Release|Any CPU.ActiveCfg = Release|Any CPU
		{1914F8F6-17B1-4C49-8AAB-5B178A25C753}.Release|Any CPU.Build.0 = Release|Any CPU
		{1914F8F6-17B1-4C49-8AAB-5B178A25C753}.Release|x64.ActiveCfg = Release|Any CPU
		{1914F8F6-17B1-4C49-8AAB-5B178A25C753}.Release|x64.Build.0 = Release|Any CPU
		{1914F8F6-17B1-4C49-8AAB-5B178A25C753}.Release|x86.ActiveCfg = Release|Any CPU
		{1914F8F6-17B1-4C49-8AAB-5B178A25C753}.Release|x86.Build.0 = Release|Any CPU
		{76EC3CA3-7A42-4A1F-8075-5B6574B0D1C2}.Debug|Any CPU.ActiveCfg = Debug|Any CPU
		{76EC3CA3-7A42-4A1F-8075-5B6574B0D1C2}.Debug|Any CPU.Build.0 = Debug|Any CPU
		{76EC3CA3-7A42-4A1F-8075-5B6574B0D1C2}.Debug|x64.ActiveCfg = Debug|Any CPU
		{76EC3CA3-7A42-4A1F-8075-5B6574B0D1C2}.Debug|x64.Build.0 = Debug|Any CPU
		{76EC3CA3-7A42-4A1F-8075-5B6574B0D1C2}.Debug|x86.ActiveCfg = Debug|Any CPU
		{76EC3CA3-7A42-4A1F-8075-5B6574B0D1C2}.Debug|x86.Build.0 = Debug|Any CPU
		{76EC3CA3-7A42-4A1F-8075-5B6574B0D1C2}.Release|Any CPU.ActiveCfg = Release|Any CPU
		{76EC3CA3-7A42-4A1F-8075-5B6574B0D1C2}.Release|Any CPU.Build.0 = Release|Any CPU
		{76EC3CA3-7A42-4A1F-8075-5B6574B0D1C2}.Release|x64.ActiveCfg = Release|Any CPU
		{76EC3CA3-7A42-4A1F-8075-5B6574B0D1C2}.Release|x64.Build.0 = Release|Any CPU
		{76EC3CA3-7A42-4A1F-8075-5B6574B0D1C2}.Release|x86.ActiveCfg = Release|Any CPU
		{76EC3CA3-7A42-4A1F-8075-5B6574B0D1C2}.Release|x86.Build.0 = Release|Any CPU
		{5090B60A-57A2-4C6B-AC3C-1590CD07D64C}.Debug|Any CPU.ActiveCfg = Debug|Any CPU
		{5090B60A-57A2-4C6B-AC3C-1590CD07D64C}.Debug|Any CPU.Build.0 = Debug|Any CPU
		{5090B60A-57A2-4C6B-AC3C-1590CD07D64C}.Debug|x64.ActiveCfg = Debug|Any CPU
		{5090B60A-57A2-4C6B-AC3C-1590CD07D64C}.Debug|x64.Build.0 = Debug|Any CPU
		{5090B60A-57A2-4C6B-AC3C-1590CD07D64C}.Debug|x86.ActiveCfg = Debug|Any CPU
		{5090B60A-57A2-4C6B-AC3C-1590CD07D64C}.Debug|x86.Build.0 = Debug|Any CPU
		{5090B60A-57A2-4C6B-AC3C-1590CD07D64C}.Release|Any CPU.ActiveCfg = Release|Any CPU
		{5090B60A-57A2-4C6B-AC3C-1590CD07D64C}.Release|Any CPU.Build.0 = Release|Any CPU
		{5090B60A-57A2-4C6B-AC3C-1590CD07D64C}.Release|x64.ActiveCfg = Release|Any CPU
		{5090B60A-57A2-4C6B-AC3C-1590CD07D64C}.Release|x64.Build.0 = Release|Any CPU
		{5090B60A-57A2-4C6B-AC3C-1590CD07D64C}.Release|x86.ActiveCfg = Release|Any CPU
		{5090B60A-57A2-4C6B-AC3C-1590CD07D64C}.Release|x86.Build.0 = Release|Any CPU
		{761A92AF-EDB1-443A-9A3C-14F9DF827BAE}.Debug|Any CPU.ActiveCfg = Debug|Any CPU
		{761A92AF-EDB1-443A-9A3C-14F9DF827BAE}.Debug|Any CPU.Build.0 = Debug|Any CPU
		{761A92AF-EDB1-443A-9A3C-14F9DF827BAE}.Debug|x64.ActiveCfg = Debug|Any CPU
		{761A92AF-EDB1-443A-9A3C-14F9DF827BAE}.Debug|x64.Build.0 = Debug|Any CPU
		{761A92AF-EDB1-443A-9A3C-14F9DF827BAE}.Debug|x86.ActiveCfg = Debug|Any CPU
		{761A92AF-EDB1-443A-9A3C-14F9DF827BAE}.Debug|x86.Build.0 = Debug|Any CPU
		{761A92AF-EDB1-443A-9A3C-14F9DF827BAE}.Release|Any CPU.ActiveCfg = Release|Any CPU
		{761A92AF-EDB1-443A-9A3C-14F9DF827BAE}.Release|Any CPU.Build.0 = Release|Any CPU
		{761A92AF-EDB1-443A-9A3C-14F9DF827BAE}.Release|x64.ActiveCfg = Release|Any CPU
		{761A92AF-EDB1-443A-9A3C-14F9DF827BAE}.Release|x64.Build.0 = Release|Any CPU
		{761A92AF-EDB1-443A-9A3C-14F9DF827BAE}.Release|x86.ActiveCfg = Release|Any CPU
		{761A92AF-EDB1-443A-9A3C-14F9DF827BAE}.Release|x86.Build.0 = Release|Any CPU
		{72A25365-231B-49FE-9E79-93F0EA48C501}.Debug|Any CPU.ActiveCfg = Debug|Any CPU
		{72A25365-231B-49FE-9E79-93F0EA48C501}.Debug|Any CPU.Build.0 = Debug|Any CPU
		{72A25365-231B-49FE-9E79-93F0EA48C501}.Debug|x64.ActiveCfg = Debug|Any CPU
		{72A25365-231B-49FE-9E79-93F0EA48C501}.Debug|x64.Build.0 = Debug|Any CPU
		{72A25365-231B-49FE-9E79-93F0EA48C501}.Debug|x86.ActiveCfg = Debug|Any CPU
		{72A25365-231B-49FE-9E79-93F0EA48C501}.Debug|x86.Build.0 = Debug|Any CPU
		{72A25365-231B-49FE-9E79-93F0EA48C501}.Release|Any CPU.ActiveCfg = Release|Any CPU
		{72A25365-231B-49FE-9E79-93F0EA48C501}.Release|Any CPU.Build.0 = Release|Any CPU
		{72A25365-231B-49FE-9E79-93F0EA48C501}.Release|x64.ActiveCfg = Release|Any CPU
		{72A25365-231B-49FE-9E79-93F0EA48C501}.Release|x64.Build.0 = Release|Any CPU
		{72A25365-231B-49FE-9E79-93F0EA48C501}.Release|x86.ActiveCfg = Release|Any CPU
		{72A25365-231B-49FE-9E79-93F0EA48C501}.Release|x86.Build.0 = Release|Any CPU
		{B383BCB1-DB81-4C50-B68C-2A670471A3DA}.Debug|Any CPU.ActiveCfg = Debug|Any CPU
		{B383BCB1-DB81-4C50-B68C-2A670471A3DA}.Debug|Any CPU.Build.0 = Debug|Any CPU
		{B383BCB1-DB81-4C50-B68C-2A670471A3DA}.Debug|x64.ActiveCfg = Debug|Any CPU
		{B383BCB1-DB81-4C50-B68C-2A670471A3DA}.Debug|x64.Build.0 = Debug|Any CPU
		{B383BCB1-DB81-4C50-B68C-2A670471A3DA}.Debug|x86.ActiveCfg = Debug|Any CPU
		{B383BCB1-DB81-4C50-B68C-2A670471A3DA}.Debug|x86.Build.0 = Debug|Any CPU
		{B383BCB1-DB81-4C50-B68C-2A670471A3DA}.Release|Any CPU.ActiveCfg = Release|Any CPU
		{B383BCB1-DB81-4C50-B68C-2A670471A3DA}.Release|Any CPU.Build.0 = Release|Any CPU
		{B383BCB1-DB81-4C50-B68C-2A670471A3DA}.Release|x64.ActiveCfg = Release|Any CPU
		{B383BCB1-DB81-4C50-B68C-2A670471A3DA}.Release|x64.Build.0 = Release|Any CPU
		{B383BCB1-DB81-4C50-B68C-2A670471A3DA}.Release|x86.ActiveCfg = Release|Any CPU
		{B383BCB1-DB81-4C50-B68C-2A670471A3DA}.Release|x86.Build.0 = Release|Any CPU
		{953F25BE-C735-44C7-BBDC-FA423168F30A}.Debug|Any CPU.ActiveCfg = Debug|Any CPU
		{953F25BE-C735-44C7-BBDC-FA423168F30A}.Debug|Any CPU.Build.0 = Debug|Any CPU
		{953F25BE-C735-44C7-BBDC-FA423168F30A}.Debug|x64.ActiveCfg = Debug|Any CPU
		{953F25BE-C735-44C7-BBDC-FA423168F30A}.Debug|x64.Build.0 = Debug|Any CPU
		{953F25BE-C735-44C7-BBDC-FA423168F30A}.Debug|x86.ActiveCfg = Debug|Any CPU
		{953F25BE-C735-44C7-BBDC-FA423168F30A}.Debug|x86.Build.0 = Debug|Any CPU
		{953F25BE-C735-44C7-BBDC-FA423168F30A}.Release|Any CPU.ActiveCfg = Release|Any CPU
		{953F25BE-C735-44C7-BBDC-FA423168F30A}.Release|Any CPU.Build.0 = Release|Any CPU
		{953F25BE-C735-44C7-BBDC-FA423168F30A}.Release|x64.ActiveCfg = Release|Any CPU
		{953F25BE-C735-44C7-BBDC-FA423168F30A}.Release|x64.Build.0 = Release|Any CPU
		{953F25BE-C735-44C7-BBDC-FA423168F30A}.Release|x86.ActiveCfg = Release|Any CPU
		{953F25BE-C735-44C7-BBDC-FA423168F30A}.Release|x86.Build.0 = Release|Any CPU
		{97E00402-634F-4400-A49E-F8DF60B1E608}.Debug|Any CPU.ActiveCfg = Debug|Any CPU
		{97E00402-634F-4400-A49E-F8DF60B1E608}.Debug|Any CPU.Build.0 = Debug|Any CPU
		{97E00402-634F-4400-A49E-F8DF60B1E608}.Debug|x64.ActiveCfg = Debug|Any CPU
		{97E00402-634F-4400-A49E-F8DF60B1E608}.Debug|x64.Build.0 = Debug|Any CPU
		{97E00402-634F-4400-A49E-F8DF60B1E608}.Debug|x86.ActiveCfg = Debug|Any CPU
		{97E00402-634F-4400-A49E-F8DF60B1E608}.Debug|x86.Build.0 = Debug|Any CPU
		{97E00402-634F-4400-A49E-F8DF60B1E608}.Release|Any CPU.ActiveCfg = Release|Any CPU
		{97E00402-634F-4400-A49E-F8DF60B1E608}.Release|Any CPU.Build.0 = Release|Any CPU
		{97E00402-634F-4400-A49E-F8DF60B1E608}.Release|x64.ActiveCfg = Release|Any CPU
		{97E00402-634F-4400-A49E-F8DF60B1E608}.Release|x64.Build.0 = Release|Any CPU
		{97E00402-634F-4400-A49E-F8DF60B1E608}.Release|x86.ActiveCfg = Release|Any CPU
		{97E00402-634F-4400-A49E-F8DF60B1E608}.Release|x86.Build.0 = Release|Any CPU
		{F6B797F9-3C78-462C-A9BC-68384F8B9630}.Debug|Any CPU.ActiveCfg = Debug|Any CPU
		{F6B797F9-3C78-462C-A9BC-68384F8B9630}.Debug|Any CPU.Build.0 = Debug|Any CPU
		{F6B797F9-3C78-462C-A9BC-68384F8B9630}.Debug|x64.ActiveCfg = Debug|Any CPU
		{F6B797F9-3C78-462C-A9BC-68384F8B9630}.Debug|x64.Build.0 = Debug|Any CPU
		{F6B797F9-3C78-462C-A9BC-68384F8B9630}.Debug|x86.ActiveCfg = Debug|Any CPU
		{F6B797F9-3C78-462C-A9BC-68384F8B9630}.Debug|x86.Build.0 = Debug|Any CPU
		{F6B797F9-3C78-462C-A9BC-68384F8B9630}.Release|Any CPU.ActiveCfg = Release|Any CPU
		{F6B797F9-3C78-462C-A9BC-68384F8B9630}.Release|Any CPU.Build.0 = Release|Any CPU
		{F6B797F9-3C78-462C-A9BC-68384F8B9630}.Release|x64.ActiveCfg = Release|Any CPU
		{F6B797F9-3C78-462C-A9BC-68384F8B9630}.Release|x64.Build.0 = Release|Any CPU
		{F6B797F9-3C78-462C-A9BC-68384F8B9630}.Release|x86.ActiveCfg = Release|Any CPU
		{F6B797F9-3C78-462C-A9BC-68384F8B9630}.Release|x86.Build.0 = Release|Any CPU
		{BD0FFDB5-4D73-4EC7-BB8E-84C72B1BB319}.Debug|Any CPU.ActiveCfg = Debug|Any CPU
		{BD0FFDB5-4D73-4EC7-BB8E-84C72B1BB319}.Debug|Any CPU.Build.0 = Debug|Any CPU
		{BD0FFDB5-4D73-4EC7-BB8E-84C72B1BB319}.Debug|x64.ActiveCfg = Debug|Any CPU
		{BD0FFDB5-4D73-4EC7-BB8E-84C72B1BB319}.Debug|x64.Build.0 = Debug|Any CPU
		{BD0FFDB5-4D73-4EC7-BB8E-84C72B1BB319}.Debug|x86.ActiveCfg = Debug|Any CPU
		{BD0FFDB5-4D73-4EC7-BB8E-84C72B1BB319}.Debug|x86.Build.0 = Debug|Any CPU
		{BD0FFDB5-4D73-4EC7-BB8E-84C72B1BB319}.Release|Any CPU.ActiveCfg = Release|Any CPU
		{BD0FFDB5-4D73-4EC7-BB8E-84C72B1BB319}.Release|Any CPU.Build.0 = Release|Any CPU
		{BD0FFDB5-4D73-4EC7-BB8E-84C72B1BB319}.Release|x64.ActiveCfg = Release|Any CPU
		{BD0FFDB5-4D73-4EC7-BB8E-84C72B1BB319}.Release|x64.Build.0 = Release|Any CPU
		{BD0FFDB5-4D73-4EC7-BB8E-84C72B1BB319}.Release|x86.ActiveCfg = Release|Any CPU
		{BD0FFDB5-4D73-4EC7-BB8E-84C72B1BB319}.Release|x86.Build.0 = Release|Any CPU
		{9F5AA617-D233-420B-91C3-3A21A2BC3CA6}.Debug|Any CPU.ActiveCfg = Debug|Any CPU
		{9F5AA617-D233-420B-91C3-3A21A2BC3CA6}.Debug|Any CPU.Build.0 = Debug|Any CPU
		{9F5AA617-D233-420B-91C3-3A21A2BC3CA6}.Debug|x64.ActiveCfg = Debug|Any CPU
		{9F5AA617-D233-420B-91C3-3A21A2BC3CA6}.Debug|x64.Build.0 = Debug|Any CPU
		{9F5AA617-D233-420B-91C3-3A21A2BC3CA6}.Debug|x86.ActiveCfg = Debug|Any CPU
		{9F5AA617-D233-420B-91C3-3A21A2BC3CA6}.Debug|x86.Build.0 = Debug|Any CPU
		{9F5AA617-D233-420B-91C3-3A21A2BC3CA6}.Release|Any CPU.ActiveCfg = Release|Any CPU
		{9F5AA617-D233-420B-91C3-3A21A2BC3CA6}.Release|Any CPU.Build.0 = Release|Any CPU
		{9F5AA617-D233-420B-91C3-3A21A2BC3CA6}.Release|x64.ActiveCfg = Release|Any CPU
		{9F5AA617-D233-420B-91C3-3A21A2BC3CA6}.Release|x64.Build.0 = Release|Any CPU
		{9F5AA617-D233-420B-91C3-3A21A2BC3CA6}.Release|x86.ActiveCfg = Release|Any CPU
		{9F5AA617-D233-420B-91C3-3A21A2BC3CA6}.Release|x86.Build.0 = Release|Any CPU
		{AA300048-55E1-4DC0-BC6A-1B30A61F7B03}.Debug|Any CPU.ActiveCfg = Debug|Any CPU
		{AA300048-55E1-4DC0-BC6A-1B30A61F7B03}.Debug|Any CPU.Build.0 = Debug|Any CPU
		{AA300048-55E1-4DC0-BC6A-1B30A61F7B03}.Debug|x64.ActiveCfg = Debug|Any CPU
		{AA300048-55E1-4DC0-BC6A-1B30A61F7B03}.Debug|x64.Build.0 = Debug|Any CPU
		{AA300048-55E1-4DC0-BC6A-1B30A61F7B03}.Debug|x86.ActiveCfg = Debug|Any CPU
		{AA300048-55E1-4DC0-BC6A-1B30A61F7B03}.Debug|x86.Build.0 = Debug|Any CPU
		{AA300048-55E1-4DC0-BC6A-1B30A61F7B03}.Release|Any CPU.ActiveCfg = Release|Any CPU
		{AA300048-55E1-4DC0-BC6A-1B30A61F7B03}.Release|Any CPU.Build.0 = Release|Any CPU
		{AA300048-55E1-4DC0-BC6A-1B30A61F7B03}.Release|x64.ActiveCfg = Release|Any CPU
		{AA300048-55E1-4DC0-BC6A-1B30A61F7B03}.Release|x64.Build.0 = Release|Any CPU
		{AA300048-55E1-4DC0-BC6A-1B30A61F7B03}.Release|x86.ActiveCfg = Release|Any CPU
		{AA300048-55E1-4DC0-BC6A-1B30A61F7B03}.Release|x86.Build.0 = Release|Any CPU
		{1C66D337-8D1B-4C4C-8FA1-92B08F698726}.Debug|Any CPU.ActiveCfg = Debug|Any CPU
		{1C66D337-8D1B-4C4C-8FA1-92B08F698726}.Debug|Any CPU.Build.0 = Debug|Any CPU
		{1C66D337-8D1B-4C4C-8FA1-92B08F698726}.Debug|x64.ActiveCfg = Debug|Any CPU
		{1C66D337-8D1B-4C4C-8FA1-92B08F698726}.Debug|x64.Build.0 = Debug|Any CPU
		{1C66D337-8D1B-4C4C-8FA1-92B08F698726}.Debug|x86.ActiveCfg = Debug|Any CPU
		{1C66D337-8D1B-4C4C-8FA1-92B08F698726}.Debug|x86.Build.0 = Debug|Any CPU
		{1C66D337-8D1B-4C4C-8FA1-92B08F698726}.Release|Any CPU.ActiveCfg = Release|Any CPU
		{1C66D337-8D1B-4C4C-8FA1-92B08F698726}.Release|Any CPU.Build.0 = Release|Any CPU
		{1C66D337-8D1B-4C4C-8FA1-92B08F698726}.Release|x64.ActiveCfg = Release|Any CPU
		{1C66D337-8D1B-4C4C-8FA1-92B08F698726}.Release|x64.Build.0 = Release|Any CPU
		{1C66D337-8D1B-4C4C-8FA1-92B08F698726}.Release|x86.ActiveCfg = Release|Any CPU
		{1C66D337-8D1B-4C4C-8FA1-92B08F698726}.Release|x86.Build.0 = Release|Any CPU
		{EEAC96DB-2B07-4938-B534-15A953D47896}.Debug|Any CPU.ActiveCfg = Debug|Any CPU
		{EEAC96DB-2B07-4938-B534-15A953D47896}.Debug|Any CPU.Build.0 = Debug|Any CPU
		{EEAC96DB-2B07-4938-B534-15A953D47896}.Debug|x64.ActiveCfg = Debug|Any CPU
		{EEAC96DB-2B07-4938-B534-15A953D47896}.Debug|x64.Build.0 = Debug|Any CPU
		{EEAC96DB-2B07-4938-B534-15A953D47896}.Debug|x86.ActiveCfg = Debug|Any CPU
		{EEAC96DB-2B07-4938-B534-15A953D47896}.Debug|x86.Build.0 = Debug|Any CPU
		{EEAC96DB-2B07-4938-B534-15A953D47896}.Release|Any CPU.ActiveCfg = Release|Any CPU
		{EEAC96DB-2B07-4938-B534-15A953D47896}.Release|Any CPU.Build.0 = Release|Any CPU
		{EEAC96DB-2B07-4938-B534-15A953D47896}.Release|x64.ActiveCfg = Release|Any CPU
		{EEAC96DB-2B07-4938-B534-15A953D47896}.Release|x64.Build.0 = Release|Any CPU
		{EEAC96DB-2B07-4938-B534-15A953D47896}.Release|x86.ActiveCfg = Release|Any CPU
		{EEAC96DB-2B07-4938-B534-15A953D47896}.Release|x86.Build.0 = Release|Any CPU
		{165C8AC7-21B5-43F3-BA3D-066A0A834B5D}.Debug|Any CPU.ActiveCfg = Debug|Any CPU
		{165C8AC7-21B5-43F3-BA3D-066A0A834B5D}.Debug|Any CPU.Build.0 = Debug|Any CPU
		{165C8AC7-21B5-43F3-BA3D-066A0A834B5D}.Debug|x64.ActiveCfg = Debug|Any CPU
		{165C8AC7-21B5-43F3-BA3D-066A0A834B5D}.Debug|x64.Build.0 = Debug|Any CPU
		{165C8AC7-21B5-43F3-BA3D-066A0A834B5D}.Debug|x86.ActiveCfg = Debug|Any CPU
		{165C8AC7-21B5-43F3-BA3D-066A0A834B5D}.Debug|x86.Build.0 = Debug|Any CPU
		{165C8AC7-21B5-43F3-BA3D-066A0A834B5D}.Release|Any CPU.ActiveCfg = Release|Any CPU
		{165C8AC7-21B5-43F3-BA3D-066A0A834B5D}.Release|Any CPU.Build.0 = Release|Any CPU
		{165C8AC7-21B5-43F3-BA3D-066A0A834B5D}.Release|x64.ActiveCfg = Release|Any CPU
		{165C8AC7-21B5-43F3-BA3D-066A0A834B5D}.Release|x64.Build.0 = Release|Any CPU
		{165C8AC7-21B5-43F3-BA3D-066A0A834B5D}.Release|x86.ActiveCfg = Release|Any CPU
		{165C8AC7-21B5-43F3-BA3D-066A0A834B5D}.Release|x86.Build.0 = Release|Any CPU
		{852158AB-0566-488C-9ABB-D4101CA92B59}.Debug|Any CPU.ActiveCfg = Debug|Any CPU
		{852158AB-0566-488C-9ABB-D4101CA92B59}.Debug|Any CPU.Build.0 = Debug|Any CPU
		{852158AB-0566-488C-9ABB-D4101CA92B59}.Debug|x64.ActiveCfg = Debug|Any CPU
		{852158AB-0566-488C-9ABB-D4101CA92B59}.Debug|x64.Build.0 = Debug|Any CPU
		{852158AB-0566-488C-9ABB-D4101CA92B59}.Debug|x86.ActiveCfg = Debug|Any CPU
		{852158AB-0566-488C-9ABB-D4101CA92B59}.Debug|x86.Build.0 = Debug|Any CPU
		{852158AB-0566-488C-9ABB-D4101CA92B59}.Release|Any CPU.ActiveCfg = Release|Any CPU
		{852158AB-0566-488C-9ABB-D4101CA92B59}.Release|Any CPU.Build.0 = Release|Any CPU
		{852158AB-0566-488C-9ABB-D4101CA92B59}.Release|x64.ActiveCfg = Release|Any CPU
		{852158AB-0566-488C-9ABB-D4101CA92B59}.Release|x64.Build.0 = Release|Any CPU
		{852158AB-0566-488C-9ABB-D4101CA92B59}.Release|x86.ActiveCfg = Release|Any CPU
		{852158AB-0566-488C-9ABB-D4101CA92B59}.Release|x86.Build.0 = Release|Any CPU
		{88FDE8EC-4E69-49F4-BC16-0A4A0D252823}.Debug|Any CPU.ActiveCfg = Debug|Any CPU
		{88FDE8EC-4E69-49F4-BC16-0A4A0D252823}.Debug|Any CPU.Build.0 = Debug|Any CPU
		{88FDE8EC-4E69-49F4-BC16-0A4A0D252823}.Debug|x64.ActiveCfg = Debug|Any CPU
		{88FDE8EC-4E69-49F4-BC16-0A4A0D252823}.Debug|x64.Build.0 = Debug|Any CPU
		{88FDE8EC-4E69-49F4-BC16-0A4A0D252823}.Debug|x86.ActiveCfg = Debug|Any CPU
		{88FDE8EC-4E69-49F4-BC16-0A4A0D252823}.Debug|x86.Build.0 = Debug|Any CPU
		{88FDE8EC-4E69-49F4-BC16-0A4A0D252823}.Release|Any CPU.ActiveCfg = Release|Any CPU
		{88FDE8EC-4E69-49F4-BC16-0A4A0D252823}.Release|Any CPU.Build.0 = Release|Any CPU
		{88FDE8EC-4E69-49F4-BC16-0A4A0D252823}.Release|x64.ActiveCfg = Release|Any CPU
		{88FDE8EC-4E69-49F4-BC16-0A4A0D252823}.Release|x64.Build.0 = Release|Any CPU
		{88FDE8EC-4E69-49F4-BC16-0A4A0D252823}.Release|x86.ActiveCfg = Release|Any CPU
		{88FDE8EC-4E69-49F4-BC16-0A4A0D252823}.Release|x86.Build.0 = Release|Any CPU
		{BADFF4F4-46B8-41BE-A7AB-AE381FDDBA67}.Debug|Any CPU.ActiveCfg = Debug|Any CPU
		{BADFF4F4-46B8-41BE-A7AB-AE381FDDBA67}.Debug|Any CPU.Build.0 = Debug|Any CPU
		{BADFF4F4-46B8-41BE-A7AB-AE381FDDBA67}.Debug|x64.ActiveCfg = Debug|Any CPU
		{BADFF4F4-46B8-41BE-A7AB-AE381FDDBA67}.Debug|x64.Build.0 = Debug|Any CPU
		{BADFF4F4-46B8-41BE-A7AB-AE381FDDBA67}.Debug|x86.ActiveCfg = Debug|Any CPU
		{BADFF4F4-46B8-41BE-A7AB-AE381FDDBA67}.Debug|x86.Build.0 = Debug|Any CPU
		{BADFF4F4-46B8-41BE-A7AB-AE381FDDBA67}.Release|Any CPU.ActiveCfg = Release|Any CPU
		{BADFF4F4-46B8-41BE-A7AB-AE381FDDBA67}.Release|Any CPU.Build.0 = Release|Any CPU
		{BADFF4F4-46B8-41BE-A7AB-AE381FDDBA67}.Release|x64.ActiveCfg = Release|Any CPU
		{BADFF4F4-46B8-41BE-A7AB-AE381FDDBA67}.Release|x64.Build.0 = Release|Any CPU
		{BADFF4F4-46B8-41BE-A7AB-AE381FDDBA67}.Release|x86.ActiveCfg = Release|Any CPU
		{BADFF4F4-46B8-41BE-A7AB-AE381FDDBA67}.Release|x86.Build.0 = Release|Any CPU
		{F3A8D458-396C-49DA-9F06-16CF0304F0D2}.Debug|Any CPU.ActiveCfg = Debug|Any CPU
		{F3A8D458-396C-49DA-9F06-16CF0304F0D2}.Debug|Any CPU.Build.0 = Debug|Any CPU
		{F3A8D458-396C-49DA-9F06-16CF0304F0D2}.Debug|x64.ActiveCfg = Debug|Any CPU
		{F3A8D458-396C-49DA-9F06-16CF0304F0D2}.Debug|x64.Build.0 = Debug|Any CPU
		{F3A8D458-396C-49DA-9F06-16CF0304F0D2}.Debug|x86.ActiveCfg = Debug|Any CPU
		{F3A8D458-396C-49DA-9F06-16CF0304F0D2}.Debug|x86.Build.0 = Debug|Any CPU
		{F3A8D458-396C-49DA-9F06-16CF0304F0D2}.Release|Any CPU.ActiveCfg = Release|Any CPU
		{F3A8D458-396C-49DA-9F06-16CF0304F0D2}.Release|Any CPU.Build.0 = Release|Any CPU
		{F3A8D458-396C-49DA-9F06-16CF0304F0D2}.Release|x64.ActiveCfg = Release|Any CPU
		{F3A8D458-396C-49DA-9F06-16CF0304F0D2}.Release|x64.Build.0 = Release|Any CPU
		{F3A8D458-396C-49DA-9F06-16CF0304F0D2}.Release|x86.ActiveCfg = Release|Any CPU
		{F3A8D458-396C-49DA-9F06-16CF0304F0D2}.Release|x86.Build.0 = Release|Any CPU
		{9885F1EA-7CFD-4B71-828B-6695D60C231E}.Debug|Any CPU.ActiveCfg = Debug|Any CPU
		{9885F1EA-7CFD-4B71-828B-6695D60C231E}.Debug|Any CPU.Build.0 = Debug|Any CPU
		{9885F1EA-7CFD-4B71-828B-6695D60C231E}.Debug|x64.ActiveCfg = Debug|Any CPU
		{9885F1EA-7CFD-4B71-828B-6695D60C231E}.Debug|x64.Build.0 = Debug|Any CPU
		{9885F1EA-7CFD-4B71-828B-6695D60C231E}.Debug|x86.ActiveCfg = Debug|Any CPU
		{9885F1EA-7CFD-4B71-828B-6695D60C231E}.Debug|x86.Build.0 = Debug|Any CPU
		{9885F1EA-7CFD-4B71-828B-6695D60C231E}.Release|Any CPU.ActiveCfg = Release|Any CPU
		{9885F1EA-7CFD-4B71-828B-6695D60C231E}.Release|Any CPU.Build.0 = Release|Any CPU
		{9885F1EA-7CFD-4B71-828B-6695D60C231E}.Release|x64.ActiveCfg = Release|Any CPU
		{9885F1EA-7CFD-4B71-828B-6695D60C231E}.Release|x64.Build.0 = Release|Any CPU
		{9885F1EA-7CFD-4B71-828B-6695D60C231E}.Release|x86.ActiveCfg = Release|Any CPU
		{9885F1EA-7CFD-4B71-828B-6695D60C231E}.Release|x86.Build.0 = Release|Any CPU
		{E32C13B6-6BE0-40A0-94A2-D35DAE368B5A}.Debug|Any CPU.ActiveCfg = Debug|Any CPU
		{E32C13B6-6BE0-40A0-94A2-D35DAE368B5A}.Debug|Any CPU.Build.0 = Debug|Any CPU
		{E32C13B6-6BE0-40A0-94A2-D35DAE368B5A}.Debug|x64.ActiveCfg = Debug|Any CPU
		{E32C13B6-6BE0-40A0-94A2-D35DAE368B5A}.Debug|x64.Build.0 = Debug|Any CPU
		{E32C13B6-6BE0-40A0-94A2-D35DAE368B5A}.Debug|x86.ActiveCfg = Debug|Any CPU
		{E32C13B6-6BE0-40A0-94A2-D35DAE368B5A}.Debug|x86.Build.0 = Debug|Any CPU
		{E32C13B6-6BE0-40A0-94A2-D35DAE368B5A}.Release|Any CPU.ActiveCfg = Release|Any CPU
		{E32C13B6-6BE0-40A0-94A2-D35DAE368B5A}.Release|Any CPU.Build.0 = Release|Any CPU
		{E32C13B6-6BE0-40A0-94A2-D35DAE368B5A}.Release|x64.ActiveCfg = Release|Any CPU
		{E32C13B6-6BE0-40A0-94A2-D35DAE368B5A}.Release|x64.Build.0 = Release|Any CPU
		{E32C13B6-6BE0-40A0-94A2-D35DAE368B5A}.Release|x86.ActiveCfg = Release|Any CPU
		{E32C13B6-6BE0-40A0-94A2-D35DAE368B5A}.Release|x86.Build.0 = Release|Any CPU
		{D9809CAE-0BBC-4917-9875-7366D9732E3B}.Debug|Any CPU.ActiveCfg = Debug|Any CPU
		{D9809CAE-0BBC-4917-9875-7366D9732E3B}.Debug|Any CPU.Build.0 = Debug|Any CPU
		{D9809CAE-0BBC-4917-9875-7366D9732E3B}.Debug|x64.ActiveCfg = Debug|Any CPU
		{D9809CAE-0BBC-4917-9875-7366D9732E3B}.Debug|x64.Build.0 = Debug|Any CPU
		{D9809CAE-0BBC-4917-9875-7366D9732E3B}.Debug|x86.ActiveCfg = Debug|Any CPU
		{D9809CAE-0BBC-4917-9875-7366D9732E3B}.Debug|x86.Build.0 = Debug|Any CPU
		{D9809CAE-0BBC-4917-9875-7366D9732E3B}.Release|Any CPU.ActiveCfg = Release|Any CPU
		{D9809CAE-0BBC-4917-9875-7366D9732E3B}.Release|Any CPU.Build.0 = Release|Any CPU
		{D9809CAE-0BBC-4917-9875-7366D9732E3B}.Release|x64.ActiveCfg = Release|Any CPU
		{D9809CAE-0BBC-4917-9875-7366D9732E3B}.Release|x64.Build.0 = Release|Any CPU
		{D9809CAE-0BBC-4917-9875-7366D9732E3B}.Release|x86.ActiveCfg = Release|Any CPU
		{D9809CAE-0BBC-4917-9875-7366D9732E3B}.Release|x86.Build.0 = Release|Any CPU
		{BC51CC05-FDC0-4F02-BCEE-F307F0FC38CB}.Debug|Any CPU.ActiveCfg = Debug|Any CPU
		{BC51CC05-FDC0-4F02-BCEE-F307F0FC38CB}.Debug|Any CPU.Build.0 = Debug|Any CPU
		{BC51CC05-FDC0-4F02-BCEE-F307F0FC38CB}.Debug|x64.ActiveCfg = Debug|Any CPU
		{BC51CC05-FDC0-4F02-BCEE-F307F0FC38CB}.Debug|x64.Build.0 = Debug|Any CPU
		{BC51CC05-FDC0-4F02-BCEE-F307F0FC38CB}.Debug|x86.ActiveCfg = Debug|Any CPU
		{BC51CC05-FDC0-4F02-BCEE-F307F0FC38CB}.Debug|x86.Build.0 = Debug|Any CPU
		{BC51CC05-FDC0-4F02-BCEE-F307F0FC38CB}.Release|Any CPU.ActiveCfg = Release|Any CPU
		{BC51CC05-FDC0-4F02-BCEE-F307F0FC38CB}.Release|Any CPU.Build.0 = Release|Any CPU
		{BC51CC05-FDC0-4F02-BCEE-F307F0FC38CB}.Release|x64.ActiveCfg = Release|Any CPU
		{BC51CC05-FDC0-4F02-BCEE-F307F0FC38CB}.Release|x64.Build.0 = Release|Any CPU
		{BC51CC05-FDC0-4F02-BCEE-F307F0FC38CB}.Release|x86.ActiveCfg = Release|Any CPU
		{BC51CC05-FDC0-4F02-BCEE-F307F0FC38CB}.Release|x86.Build.0 = Release|Any CPU
	EndGlobalSection
	GlobalSection(SolutionProperties) = preSolution
		HideSolutionNode = FALSE
	EndGlobalSection
	GlobalSection(NestedProjects) = preSolution
		{F2B5CDD1-2C15-4041-8A6C-CC95F343A648} = {8C710E72-7BA2-4843-B9A7-E2F4CFD18A40}
		{1914F8F6-17B1-4C49-8AAB-5B178A25C753} = {8C710E72-7BA2-4843-B9A7-E2F4CFD18A40}
		{76EC3CA3-7A42-4A1F-8075-5B6574B0D1C2} = {8C710E72-7BA2-4843-B9A7-E2F4CFD18A40}
		{5090B60A-57A2-4C6B-AC3C-1590CD07D64C} = {8C710E72-7BA2-4843-B9A7-E2F4CFD18A40}
		{761A92AF-EDB1-443A-9A3C-14F9DF827BAE} = {8C710E72-7BA2-4843-B9A7-E2F4CFD18A40}
		{72A25365-231B-49FE-9E79-93F0EA48C501} = {8C710E72-7BA2-4843-B9A7-E2F4CFD18A40}
		{B383BCB1-DB81-4C50-B68C-2A670471A3DA} = {8C710E72-7BA2-4843-B9A7-E2F4CFD18A40}
		{953F25BE-C735-44C7-BBDC-FA423168F30A} = {8C710E72-7BA2-4843-B9A7-E2F4CFD18A40}
		{97E00402-634F-4400-A49E-F8DF60B1E608} = {8C710E72-7BA2-4843-B9A7-E2F4CFD18A40}
		{F6B797F9-3C78-462C-A9BC-68384F8B9630} = {8C710E72-7BA2-4843-B9A7-E2F4CFD18A40}
		{BD0FFDB5-4D73-4EC7-BB8E-84C72B1BB319} = {8C710E72-7BA2-4843-B9A7-E2F4CFD18A40}
		{9F5AA617-D233-420B-91C3-3A21A2BC3CA6} = {8C710E72-7BA2-4843-B9A7-E2F4CFD18A40}
		{AA300048-55E1-4DC0-BC6A-1B30A61F7B03} = {8C710E72-7BA2-4843-B9A7-E2F4CFD18A40}
		{1C66D337-8D1B-4C4C-8FA1-92B08F698726} = {8C710E72-7BA2-4843-B9A7-E2F4CFD18A40}
		{EEAC96DB-2B07-4938-B534-15A953D47896} = {8C710E72-7BA2-4843-B9A7-E2F4CFD18A40}
		{165C8AC7-21B5-43F3-BA3D-066A0A834B5D} = {8C710E72-7BA2-4843-B9A7-E2F4CFD18A40}
		{852158AB-0566-488C-9ABB-D4101CA92B59} = {8C710E72-7BA2-4843-B9A7-E2F4CFD18A40}
		{88FDE8EC-4E69-49F4-BC16-0A4A0D252823} = {8C710E72-7BA2-4843-B9A7-E2F4CFD18A40}
		{BADFF4F4-46B8-41BE-A7AB-AE381FDDBA67} = {8C710E72-7BA2-4843-B9A7-E2F4CFD18A40}
		{F3A8D458-396C-49DA-9F06-16CF0304F0D2} = {8C710E72-7BA2-4843-B9A7-E2F4CFD18A40}
		{9885F1EA-7CFD-4B71-828B-6695D60C231E} = {8C710E72-7BA2-4843-B9A7-E2F4CFD18A40}
		{E32C13B6-6BE0-40A0-94A2-D35DAE368B5A} = {8C710E72-7BA2-4843-B9A7-E2F4CFD18A40}
		{D9809CAE-0BBC-4917-9875-7366D9732E3B} = {8C710E72-7BA2-4843-B9A7-E2F4CFD18A40}
		{BC51CC05-FDC0-4F02-BCEE-F307F0FC38CB} = {8C710E72-7BA2-4843-B9A7-E2F4CFD18A40}
	EndGlobalSection
	GlobalSection(ExtensibilityGlobals) = postSolution
		SolutionGuid = {0ECB4AFE-FB9B-4D19-995E-C63D74B8FBCF}
	EndGlobalSection
EndGlobal
